
Microsoft Visual Studio Solution File, Format Version 12.00
# Visual Studio Version 17
VisualStudioVersion = 17.6.33723.286
MinimumVisualStudioVersion = 10.0.40219.1
Project("{FAE04EC0-301F-11D3-BF4B-00C04F79EFBC}") = "StickerManBot", "StickerManBot.csproj", "{1889E8B1-8DA0-4072-979A-CA77D5ED8CD4}"
EndProject
Global
	GlobalSection(SolutionConfigurationPlatforms) = preSolution
		Debug|Any CPU = Debug|Any CPU
		Release|Any CPU = Release|Any CPU
	EndGlobalSection
	GlobalSection(ProjectConfigurationPlatforms) = postSolution
		{1889E8B1-8DA0-4072-979A-CA77D5ED8CD4}.Debug|Any CPU.ActiveCfg = Debug|Any CPU
		{1889E8B1-8DA0-4072-979A-CA77D5ED8CD4}.Debug|Any CPU.Build.0 = Debug|Any CPU
		{1889E8B1-8DA0-4072-979A-CA77D5ED8CD4}.Release|Any CPU.ActiveCfg = Release|Any CPU
		{1889E8B1-8DA0-4072-979A-CA77D5ED8CD4}.Release|Any CPU.Build.0 = Release|Any CPU
	EndGlobalSection
	GlobalSection(SolutionProperties) = preSolution
		HideSolutionNode = FALSE
	EndGlobalSection
	GlobalSection(ExtensibilityGlobals) = postSolution
		SolutionGuid = {7BA28447-DABB-49B0-BD3E-B283D04103BE}
	EndGlobalSection
EndGlobal
